
Microsoft Visual Studio Solution File, Format Version 12.00
# Visual Studio 15
VisualStudioVersion = 15.0.27428.2037
MinimumVisualStudioVersion = 10.0.40219.1
Project("{9A19103F-16F7-4668-BE54-9A1E7A4F7556}") = "Random", "Random\Random.csproj", "{0ECF1384-FDED-48EC-A240-DBF68CD94C92}"
EndProject
Project("{FAE04EC0-301F-11D3-BF4B-00C04F79EFBC}") = "Consul.Service", "Consul.Service\Consul.Service.csproj", "{BF8842F3-1F51-4A75-89BF-4A5D75FF5296}"
EndProject
Project("{E53339B2-1760-4266-BCC7-CA923CBCF16C}") = "docker-compose", "docker-compose.dcproj", "{9841D271-93C5-4976-AF3C-C18AF7FBE20A}"
EndProject
Global
	GlobalSection(SolutionConfigurationPlatforms) = preSolution
		Debug|Any CPU = Debug|Any CPU
		Release|Any CPU = Release|Any CPU
	EndGlobalSection
	GlobalSection(ProjectConfigurationPlatforms) = postSolution
		{0ECF1384-FDED-48EC-A240-DBF68CD94C92}.Debug|Any CPU.ActiveCfg = Debug|Any CPU
		{0ECF1384-FDED-48EC-A240-DBF68CD94C92}.Debug|Any CPU.Build.0 = Debug|Any CPU
		{0ECF1384-FDED-48EC-A240-DBF68CD94C92}.Release|Any CPU.ActiveCfg = Release|Any CPU
		{0ECF1384-FDED-48EC-A240-DBF68CD94C92}.Release|Any CPU.Build.0 = Release|Any CPU
		{BF8842F3-1F51-4A75-89BF-4A5D75FF5296}.Debug|Any CPU.ActiveCfg = Debug|Any CPU
		{BF8842F3-1F51-4A75-89BF-4A5D75FF5296}.Debug|Any CPU.Build.0 = Debug|Any CPU
		{BF8842F3-1F51-4A75-89BF-4A5D75FF5296}.Release|Any CPU.ActiveCfg = Release|Any CPU
		{BF8842F3-1F51-4A75-89BF-4A5D75FF5296}.Release|Any CPU.Build.0 = Release|Any CPU
		{9841D271-93C5-4976-AF3C-C18AF7FBE20A}.Debug|Any CPU.ActiveCfg = Debug|Any CPU
		{9841D271-93C5-4976-AF3C-C18AF7FBE20A}.Debug|Any CPU.Build.0 = Debug|Any CPU
		{9841D271-93C5-4976-AF3C-C18AF7FBE20A}.Release|Any CPU.ActiveCfg = Release|Any CPU
		{9841D271-93C5-4976-AF3C-C18AF7FBE20A}.Release|Any CPU.Build.0 = Release|Any CPU
	EndGlobalSection
	GlobalSection(SolutionProperties) = preSolution
		HideSolutionNode = FALSE
	EndGlobalSection
	GlobalSection(ExtensibilityGlobals) = postSolution
		SolutionGuid = {A0AC1B3A-0531-47E5-86FA-DECE504A0FEF}
	EndGlobalSection
EndGlobal
